
Microsoft Visual Studio Solution File, Format Version 12.00
# Visual Studio Version 17
VisualStudioVersion = 17.3.32825.248
MinimumVisualStudioVersion = 10.0.40219.1
Project("{8BC9CEB8-8B4A-11D0-8D11-00A0C91BC942}") = "vulkan", "vulkan\vulkan.vcxproj", "{4A9331F3-F0BB-4778-B5F4-51D2DC463796}"
EndProject
Global
	GlobalSection(SolutionConfigurationPlatforms) = preSolution
		Debug|x64 = Debug|x64
		Debug|x86 = Debug|x86
		Release|x64 = Release|x64
		Release|x86 = Release|x86
	EndGlobalSection
	GlobalSection(ProjectConfigurationPlatforms) = postSolution
		{4A9331F3-F0BB-4778-B5F4-51D2DC463796}.Debug|x64.ActiveCfg = Debug|x64
		{4A9331F3-F0BB-4778-B5F4-51D2DC463796}.Debug|x64.Build.0 = Debug|x64
		{4A9331F3-F0BB-4778-B5F4-51D2DC463796}.Debug|x86.ActiveCfg = Debug|Win32
		{4A9331F3-F0BB-4778-B5F4-51D2DC463796}.Debug|x86.Build.0 = Debug|Win32
		{4A9331F3-F0BB-4778-B5F4-51D2DC463796}.Release|x64.ActiveCfg = Release|x64
		{4A9331F3-F0BB-4778-B5F4-51D2DC463796}.Release|x64.Build.0 = Release|x64
		{4A9331F3-F0BB-4778-B5F4-51D2DC463796}.Release|x86.ActiveCfg = Release|Win32
		{4A9331F3-F0BB-4778-B5F4-51D2DC463796}.Release|x86.Build.0 = Release|Win32
	EndGlobalSection
	GlobalSection(SolutionProperties) = preSolution
		HideSolutionNode = FALSE
	EndGlobalSection
	GlobalSection(ExtensibilityGlobals) = postSolution
		SolutionGuid = {7358191D-D7FB-4AB4-AAE0-9925DAB1E875}
	EndGlobalSection
EndGlobal
